{
  "version": 4,
  "terraform_version": "0.12.13",
  "serial": 5,
  "lineage": "b6869737-996b-ce02-07ea-a70249f54c22",
  "outputs": {
    "id": {
      "value": [
        [
          "bcdd4358-67c4-4661-879a-6ca3ad6f6508"
        ]
      ],
      "type": [
        "tuple",
        [
          [
            "list",
            "string"
          ]
        ]
      ]
    },
    "name": {
      "value": [
        [
          "test-bnp"
        ]
      ],
      "type": [
        "tuple",
        [
          [
            "tuple",
            [
              "string"
            ]
          ]
        ]
      ]
    },
    "private_ip": {
      "value": [
        [
          "10.0.3.15"
        ]
      ],
      "type": [
        "tuple",
        [
          [
            "tuple",
            [
              "string"
            ]
          ]
        ]
      ]
    },
    "public_ip": {
      "value": [
        []
      ],
      "type": [
        "tuple",
        [
          [
            "tuple",
            []
          ]
        ]
      ]
    }
  },
  "resources": [
    {
      "mode": "managed",
      "type": "flexibleengine_compute_instance_v2",
      "name": "instance",
      "each": "list",
      "provider": "provider.flexibleengine",
      "instances": [
        {
          "index_key": 0,
          "schema_version": 0,
          "attributes": {
            "access_ip_v4": "10.0.3.15",
            "access_ip_v6": "",
            "admin_pass": null,
            "all_metadata": {},
            "auto_recovery": false,
            "availability_zone": "eu-west-0a",
            "block_device": [
              {
                "boot_index": 0,
                "delete_on_termination": false,
                "destination_type": "volume",
                "device_name": "",
                "guest_format": "",
                "source_type": "volume",
                "uuid": "54bca0a2-c8f5-495f-b253-f9540bdbae03",
                "volume_size": 0,
                "volume_type": ""
              },
              {
                "boot_index": 1,
                "delete_on_termination": false,
                "destination_type": "volume",
                "device_name": "",
                "guest_format": "",
                "source_type": "volume",
                "uuid": "4bcad396-1f25-42fb-a6f1-b97e901fb64c",
                "volume_size": 0,
                "volume_type": ""
              }
            ],
            "config_drive": null,
            "flavor_id": "p2.2xlarge.8",
            "flavor_name": "p2.2xlarge.8",
            "floating_ip": null,
            "id": "bcdd4358-67c4-4661-879a-6ca3ad6f6508",
            "image_id": "Attempt to boot from volume - no image supplied",
            "image_name": null,
            "key_pair": "KeyPair-aan",
            "metadata": null,
            "name": "test-bnp",
            "network": [
              {
                "access_network": true,
                "fixed_ip_v4": "10.0.3.15",
                "fixed_ip_v6": "",
                "floating_ip": "",
                "mac": "fa:16:3e:44:17:36",
                "name": "a83ebfce-fcc6-43b7-83e5-b9ff1c9bcc2e",
                "port": "6b698a0e-a262-4da9-a310-fe73d81c2962",
                "uuid": "b62d1753-6d60-4852-b7ca-2bb3903415fa"
              }
            ],
            "personality": [],
            "region": "eu-west-0",
            "scheduler_hints": [],
            "security_groups": [],
            "stop_before_destroy": false,
            "timeouts": null,
            "user_data": "da39a3ee5e6b4b0d3255bfef95601890afd80709",
            "volume": []
          },
          "private": "eyJlMmJmYjczMC1lY2FhLTExZTYtOGY4OC0zNDM2M2JjN2M0YzAiOnsiY3JlYXRlIjoxODAwMDAwMDAwMDAwLCJkZWxldGUiOjE4MDAwMDAwMDAwMDAsInVwZGF0ZSI6MTgwMDAwMDAwMDAwMH19",
          "depends_on": [
            "flexibleengine_networking_port_v2.instance_port"
          ]
        }
      ]
    },
    {
      "mode": "managed",
      "type": "flexibleengine_networking_floatingip_v2",
      "name": "fip",
      "each": "list",
      "provider": "provider.flexibleengine",
      "instances": []
    },
    {
      "mode": "managed",
      "type": "flexibleengine_networking_port_v2",
      "name": "instance_port",
      "each": "list",
      "provider": "provider.flexibleengine",
      "instances": [
        {
          "index_key": 0,
          "schema_version": 0,
          "attributes": {
            "admin_state_up": true,
            "all_fixed_ips": [
              "10.0.3.15"
            ],
            "allowed_address_pairs": [],
            "device_id": "",
            "device_owner": "",
            "fixed_ip": [
              {
                "ip_address": "10.0.3.15",
                "subnet_id": "36a22527-2a13-4146-9cec-f2b4c6a8e3cc"
              }
            ],
            "id": "6b698a0e-a262-4da9-a310-fe73d81c2962",
            "mac_address": "fa:16:3e:44:17:36",
            "name": "",
            "network_id": "b62d1753-6d60-4852-b7ca-2bb3903415fa",
            "region": "eu-west-0",
            "security_group_ids": [
              "87fa98e9-abef-46d4-9988-9cea43b12873"
            ],
            "tenant_id": "9556c437d0d54a72a7ac14356b64c9dd",
            "timeouts": null,
            "value_specs": null
          },
          "private": "eyJlMmJmYjczMC1lY2FhLTExZTYtOGY4OC0zNDM2M2JjN2M0YzAiOnsiY3JlYXRlIjo2MDAwMDAwMDAwMDAsImRlbGV0ZSI6NjAwMDAwMDAwMDAwfX0="
        }
      ]
    }
  ]
}
